
Microsoft Visual Studio Solution File, Format Version 12.00
# Visual Studio 2012
Project("{D954291E-2A0B-460D-934E-DC6B0785DB48}") = "UCL2", "UCL2\UCL2.shproj", "{6FDBCC99-81F0-4BE0-9D8B-2BECD9F768A3}"
EndProject
Project("{FAE04EC0-301F-11D3-BF4B-00C04F79EFBC}") = "UCL2.iOS", "iOS\UCL2.iOS.csproj", "{1919E257-25DF-46AD-8A8A-0A087473242B}"
EndProject
Project("{FAE04EC0-301F-11D3-BF4B-00C04F79EFBC}") = "UCL2.Droid", "Droid\UCL2.Droid.csproj", "{CF23D02A-2632-489F-99FB-15B866670B69}"
EndProject
Global
	GlobalSection(SolutionConfigurationPlatforms) = preSolution
		Debug|iPhoneSimulator = Debug|iPhoneSimulator
		Release|iPhone = Release|iPhone
		Release|iPhoneSimulator = Release|iPhoneSimulator
		Debug|iPhone = Debug|iPhone
		Debug|Any CPU = Debug|Any CPU
		Release|Any CPU = Release|Any CPU
	EndGlobalSection
	GlobalSection(ProjectConfigurationPlatforms) = postSolution
		{1919E257-25DF-46AD-8A8A-0A087473242B}.Debug|iPhoneSimulator.ActiveCfg = Debug|iPhoneSimulator
		{1919E257-25DF-46AD-8A8A-0A087473242B}.Debug|iPhoneSimulator.Build.0 = Debug|iPhoneSimulator
		{1919E257-25DF-46AD-8A8A-0A087473242B}.Release|iPhone.ActiveCfg = Release|iPhone
		{1919E257-25DF-46AD-8A8A-0A087473242B}.Release|iPhone.Build.0 = Release|iPhone
		{1919E257-25DF-46AD-8A8A-0A087473242B}.Release|iPhoneSimulator.ActiveCfg = Release|iPhoneSimulator
		{1919E257-25DF-46AD-8A8A-0A087473242B}.Release|iPhoneSimulator.Build.0 = Release|iPhoneSimulator
		{1919E257-25DF-46AD-8A8A-0A087473242B}.Debug|iPhone.ActiveCfg = Debug|iPhone
		{1919E257-25DF-46AD-8A8A-0A087473242B}.Debug|iPhone.Build.0 = Debug|iPhone
		{1919E257-25DF-46AD-8A8A-0A087473242B}.Debug|Any CPU.ActiveCfg = Debug|iPhoneSimulator
		{1919E257-25DF-46AD-8A8A-0A087473242B}.Debug|Any CPU.Build.0 = Debug|iPhoneSimulator
		{1919E257-25DF-46AD-8A8A-0A087473242B}.Release|Any CPU.ActiveCfg = Release|iPhone
		{1919E257-25DF-46AD-8A8A-0A087473242B}.Release|Any CPU.Build.0 = Release|iPhone
		{CF23D02A-2632-489F-99FB-15B866670B69}.Debug|iPhoneSimulator.ActiveCfg = Debug|Any CPU
		{CF23D02A-2632-489F-99FB-15B866670B69}.Debug|iPhoneSimulator.Build.0 = Debug|Any CPU
		{CF23D02A-2632-489F-99FB-15B866670B69}.Release|iPhone.ActiveCfg = Release|Any CPU
		{CF23D02A-2632-489F-99FB-15B866670B69}.Release|iPhone.Build.0 = Release|Any CPU
		{CF23D02A-2632-489F-99FB-15B866670B69}.Release|iPhoneSimulator.ActiveCfg = Release|Any CPU
		{CF23D02A-2632-489F-99FB-15B866670B69}.Release|iPhoneSimulator.Build.0 = Release|Any CPU
		{CF23D02A-2632-489F-99FB-15B866670B69}.Debug|iPhone.ActiveCfg = Debug|Any CPU
		{CF23D02A-2632-489F-99FB-15B866670B69}.Debug|iPhone.Build.0 = Debug|Any CPU
		{CF23D02A-2632-489F-99FB-15B866670B69}.Debug|Any CPU.ActiveCfg = Debug|Any CPU
		{CF23D02A-2632-489F-99FB-15B866670B69}.Debug|Any CPU.Build.0 = Debug|Any CPU
		{CF23D02A-2632-489F-99FB-15B866670B69}.Release|Any CPU.ActiveCfg = Release|Any CPU
		{CF23D02A-2632-489F-99FB-15B866670B69}.Release|Any CPU.Build.0 = Release|Any CPU
	EndGlobalSection
EndGlobal
